// !$*UTF8*$!
{
	archiveVersion = 1;
	classes = {
	};
	objectVersion = 55;
	objects = {

/* Begin PBXBuildFile section */
		5CAEEF5B27A3AFEC00FA0CFC /* AppDelegate.swift in Sources */ = {isa = PBXBuildFile; fileRef = 5CAEEF5A27A3AFEC00FA0CFC /* AppDelegate.swift */; };
		5CAEEF5D27A3AFEC00FA0CFC /* SceneDelegate.swift in Sources */ = {isa = PBXBuildFile; fileRef = 5CAEEF5C27A3AFEC00FA0CFC /* SceneDelegate.swift */; };
		5CAEEF5F27A3AFEC00FA0CFC /* ViewController.swift in Sources */ = {isa = PBXBuildFile; fileRef = 5CAEEF5E27A3AFEC00FA0CFC /* ViewController.swift */; };
		5CAEEF6227A3AFEC00FA0CFC /* Main.storyboard in Resources */ = {isa = PBXBuildFile; fileRef = 5CAEEF6027A3AFEC00FA0CFC /* Main.storyboard */; };
		5CAEEF6427A3AFF000FA0CFC /* Assets.xcassets in Resources */ = {isa = PBXBuildFile; fileRef = 5CAEEF6327A3AFF000FA0CFC /* Assets.xcassets */; };
		5CAEEF6727A3AFF000FA0CFC /* LaunchScreen.storyboard in Resources */ = {isa = PBXBuildFile; fileRef = 5CAEEF6527A3AFF000FA0CFC /* LaunchScreen.storyboard */; };
		5CAEEF6F27A3B0FB00FA0CFC /* CustomTVC.swift in Sources */ = {isa = PBXBuildFile; fileRef = 5CAEEF6E27A3B0FB00FA0CFC /* CustomTVC.swift */; };
/* End PBXBuildFile section */

/* Begin PBXFileReference section */
		5CAEEF5727A3AFEC00FA0CFC /* TableView-Swipe-Example.app */ = {isa = PBXFileReference; explicitFileType = wrapper.application; includeInIndex = 0; path = "TableView-Swipe-Example.app"; sourceTree = BUILT_PRODUCTS_DIR; };
		5CAEEF5A27A3AFEC00FA0CFC /* AppDelegate.swift */ = {isa = PBXFileReference; lastKnownFileType = sourcecode.swift; path = AppDelegate.swift; sourceTree = "<group>"; };
		5CAEEF5C27A3AFEC00FA0CFC /* SceneDelegate.swift */ = {isa = PBXFileReference; lastKnownFileType = sourcecode.swift; path = SceneDelegate.swift; sourceTree = "<group>"; };
		5CAEEF5E27A3AFEC00FA0CFC /* ViewController.swift */ = {isa = PBXFileReference; lastKnownFileType = sourcecode.swift; path = ViewController.swift; sourceTree = "<group>"; };
		5CAEEF6127A3AFEC00FA0CFC /* Base */ = {isa = PBXFileReference; lastKnownFileType = file.storyboard; name = Base; path = Base.lproj/Main.storyboard; sourceTree = "<group>"; };
		5CAEEF6327A3AFF000FA0CFC /* Assets.xcassets */ = {isa = PBXFileReference; lastKnownFileType = folder.assetcatalog; path = Assets.xcassets; sourceTree = "<group>"; };
		5CAEEF6627A3AFF000FA0CFC /* Base */ = {isa = PBXFileReference; lastKnownFileType = file.storyboard; name = Base; path = Base.lproj/LaunchScreen.storyboard; sourceTree = "<group>"; };
		5CAEEF6827A3AFF000FA0CFC /* Info.plist */ = {isa = PBXFileReference; lastKnownFileType = text.plist.xml; path = Info.plist; sourceTree = "<group>"; };
		5CAEEF6E27A3B0FB00FA0CFC /* CustomTVC.swift */ = {isa = PBXFileReference; lastKnownFileType = sourcecode.swift; path = CustomTVC.swift; sourceTree = "<group>"; };
/* End PBXFileReference section */

/* Begin PBXFrameworksBuildPhase section */
		5CAEEF5427A3AFEC00FA0CFC /* Frameworks */ = {
			isa = PBXFrameworksBuildPhase;
			buildActionMask = 2147483647;
			files = (
			);
			runOnlyForDeploymentPostprocessing = 0;
		};
/* End PBXFrameworksBuildPhase section */

/* Begin PBXGroup section */
		5CAEEF4E27A3AFEC00FA0CFC = {
			isa = PBXGroup;
			children = (
				5CAEEF5927A3AFEC00FA0CFC /* TableView-Swipe-Example */,
				5CAEEF5827A3AFEC00FA0CFC /* Products */,
			);
			sourceTree = "<group>";
		};
		5CAEEF5827A3AFEC00FA0CFC /* Products */ = {
			isa = PBXGroup;
			children = (
				5CAEEF5727A3AFEC00FA0CFC /* TableView-Swipe-Example.app */,
			);
			name = Products;
			sourceTree = "<group>";
		};
		5CAEEF5927A3AFEC00FA0CFC /* TableView-Swipe-Example */ = {
			isa = PBXGroup;
			children = (
				5CAEEF5A27A3AFEC00FA0CFC /* AppDelegate.swift */,
				5CAEEF5C27A3AFEC00FA0CFC /* SceneDelegate.swift */,
				5CAEEF5E27A3AFEC00FA0CFC /* ViewController.swift */,
				5CAEEF6E27A3B0FB00FA0CFC /* CustomTVC.swift */,
				5CAEEF6027A3AFEC00FA0CFC /* Main.storyboard */,
				5CAEEF6327A3AFF000FA0CFC /* Assets.xcassets */,
				5CAEEF6527A3AFF000FA0CFC /* LaunchScreen.storyboard */,
				5CAEEF6827A3AFF000FA0CFC /* Info.plist */,
			);
			path = "TableView-Swipe-Example";
			sourceTree = "<group>";
		};
/* End PBXGroup section */

/* Begin PBXNativeTarget section */
		5CAEEF5627A3AFEC00FA0CFC /* TableView-Swipe-Example */ = {
			isa = PBXNativeTarget;
			buildConfigurationList = 5CAEEF6B27A3AFF000FA0CFC /* Build configuration list for PBXNativeTarget "TableView-Swipe-Example" */;
			buildPhases = (
				5CAEEF5327A3AFEC00FA0CFC /* Sources */,
				5CAEEF5427A3AFEC00FA0CFC /* Frameworks */,
				5CAEEF5527A3AFEC00FA0CFC /* Resources */,
			);
			buildRules = (
			);
			dependencies = (
			);
			name = "TableView-Swipe-Example";
			productName = "TableView-Swipe-Example";
			productReference = 5CAEEF5727A3AFEC00FA0CFC /* TableView-Swipe-Example.app */;
			productType = "com.apple.product-type.application";
		};
/* End PBXNativeTarget section */

/* Begin PBXProject section */
		5CAEEF4F27A3AFEC00FA0CFC /* Project object */ = {
			isa = PBXProject;
			attributes = {
				BuildIndependentTargetsInParallel = 1;
				LastSwiftUpdateCheck = 1320;
				LastUpgradeCheck = 1320;
				TargetAttributes = {
					5CAEEF5627A3AFEC00FA0CFC = {
						CreatedOnToolsVersion = 13.2.1;
					};
				};
			};
			buildConfigurationList = 5CAEEF5227A3AFEC00FA0CFC /* Build configuration list for PBXProject "TableView-Swipe-Example" */;
			compatibilityVersion = "Xcode 13.0";
			developmentRegion = en;
			hasScannedForEncodings = 0;
			knownRegions = (
				en,
				Base,
			);
			mainGroup = 5CAEEF4E27A3AFEC00FA0CFC;
			productRefGroup = 5CAEEF5827A3AFEC00FA0CFC /* Products */;
			projectDirPath = "";
			projectRoot = "";
			targets = (
				5CAEEF5627A3AFEC00FA0CFC /* TableView-Swipe-Example */,
			);
		};
/* End PBXProject section */

/* Begin PBXResourcesBuildPhase section */
		5CAEEF5527A3AFEC00FA0CFC /* Resources */ = {
			isa = PBXResourcesBuildPhase;
			buildActionMask = 2147483647;
			files = (
				5CAEEF6727A3AFF000FA0CFC /* LaunchScreen.storyboard in Resources */,
				5CAEEF6427A3AFF000FA0CFC /* Assets.xcassets in Resources */,
				5CAEEF6227A3AFEC00FA0CFC /* Main.storyboard in Resources */,
			);
			runOnlyForDeploymentPostprocessing = 0;
		};
/* End PBXResourcesBuildPhase section */

/* Begin PBXSourcesBuildPhase section */
		5CAEEF5327A3AFEC00FA0CFC /* Sources */ = {
			isa = PBXSourcesBuildPhase;
			buildActionMask = 2147483647;
			files = (
				5CAEEF5F27A3AFEC00FA0CFC /* ViewController.swift in Sources */,
				5CAEEF5B27A3AFEC00FA0CFC /* AppDelegate.swift in Sources */,
				5CAEEF6F27A3B0FB00FA0CFC /* CustomTVC.swift in Sources */,
				5CAEEF5D27A3AFEC00FA0CFC /* SceneDelegate.swift in Sources */,
			);
			runOnlyForDeploymentPostprocessing = 0;
		};
/* End PBXSourcesBuildPhase section */

/* Begin PBXVariantGroup section */
		5CAEEF6027A3AFEC00FA0CFC /* Main.storyboard */ = {
			isa = PBXVariantGroup;
			children = (
				5CAEEF6127A3AFEC00FA0CFC /* Base */,
			);
			name = Main.storyboard;
			sourceTree = "<group>";
		};
		5CAEEF6527A3AFF000FA0CFC /* LaunchScreen.storyboard */ = {
			isa = PBXVariantGroup;
			children = (
				5CAEEF6627A3AFF000FA0CFC /* Base */,
			);
			name = LaunchScreen.storyboard;
			sourceTree = "<group>";
		};
/* End PBXVariantGroup section */

/* Begin XCBuildConfiguration section */
		5CAEEF6927A3AFF000FA0CFC /* Debug */ = {
			isa = XCBuildConfiguration;
			buildSettings = {
				ALWAYS_SEARCH_USER_PATHS = NO;
				CLANG_ANALYZER_NONNULL = YES;
				CLANG_ANALYZER_NUMBER_OBJECT_CONVERSION = YES_AGGRESSIVE;
				CLANG_CXX_LANGUAGE_STANDARD = "gnu++17";
				CLANG_CXX_LIBRARY = "libc++";
				CLANG_ENABLE_MODULES = YES;
				CLANG_ENABLE_OBJC_ARC = YES;
				CLANG_ENABLE_OBJC_WEAK = YES;
				CLANG_WARN_BLOCK_CAPTURE_AUTORELEASING = YES;
				CLANG_WARN_BOOL_CONVERSION = YES;
				CLANG_WARN_COMMA = YES;
				CLANG_WARN_CONSTANT_CONVERSION = YES;
				CLANG_WARN_DEPRECATED_OBJC_IMPLEMENTATIONS = YES;
				CLANG_WARN_DIRECT_OBJC_ISA_USAGE = YES_ERROR;
				CLANG_WARN_DOCUMENTATION_COMMENTS = YES;
				CLANG_WARN_EMPTY_BODY = YES;
				CLANG_WARN_ENUM_CONVERSION = YES;
				CLANG_WARN_INFINITE_RECURSION = YES;
				CLANG_WARN_INT_CONVERSION = YES;
				CLANG_WARN_NON_LITERAL_NULL_CONVERSION = YES;
				CLANG_WARN_OBJC_IMPLICIT_RETAIN_SELF = YES;
				CLANG_WARN_OBJC_LITERAL_CONVERSION = YES;
				CLANG_WARN_OBJC_ROOT_CLASS = YES_ERROR;
				CLANG_WARN_QUOTED_INCLUDE_IN_FRAMEWORK_HEADER = YES;
				CLANG_WARN_RANGE_LOOP_ANALYSIS = YES;
				CLANG_WARN_STRICT_PROTOTYPES = YES;
				CLANG_WARN_SUSPICIOUS_MOVE = YES;
				CLANG_WARN_UNGUARDED_AVAILABILITY = YES_AGGRESSIVE;
				CLANG_WARN_UNREACHABLE_CODE = YES;
				CLANG_WARN__DUPLICATE_METHOD_MATCH = YES;
				COPY_PHASE_STRIP = NO;
				DEBUG_INFORMATION_FORMAT = dwarf;
				ENABLE_STRICT_OBJC_MSGSEND = YES;
				ENABLE_TESTABILITY = YES;
				GCC_C_LANGUAGE_STANDARD = gnu11;
				GCC_DYNAMIC_NO_PIC = NO;
				GCC_NO_COMMON_BLOCKS = YES;
				GCC_OPTIMIZATION_LEVEL = 0;
				GCC_PREPROCESSOR_DEFINITIONS = (
					"DEBUG=1",
					"$(inherited)",
				);
				GCC_WARN_64_TO_32_BIT_CONVERSION = YES;
				GCC_WARN_ABOUT_RETURN_TYPE = YES_ERROR;
				GCC_WARN_UNDECLARED_SELECTOR = YES;
				GCC_WARN_UNINITIALIZED_AUTOS = YES_AGGRESSIVE;
				GCC_WARN_UNUSED_FUNCTION = YES;
				GCC_WARN_UNUSED_VARIABLE = YES;
				IPHONEOS_DEPLOYMENT_TARGET = 15.2;
				MTL_ENABLE_DEBUG_INFO = INCLUDE_SOURCE;
				MTL_FAST_MATH = YES;
				ONLY_ACTIVE_ARCH = YES;
				SDKROOT = iphoneos;
				SWIFT_ACTIVE_COMPILATION_CONDITIONS = DEBUG;
				SWIFT_OPTIMIZATION_LEVEL = "-Onone";
			};
			name = Debug;
		};
		5CAEEF6A27A3AFF000FA0CFC /* Release */ = {
			isa = XCBuildConfiguration;
			buildSettings = {
				ALWAYS_SEARCH_USER_PATHS = NO;
				CLANG_ANALYZER_NONNULL = YES;
				CLANG_ANALYZER_NUMBER_OBJECT_CONVERSION = YES_AGGRESSIVE;
				CLANG_CXX_LANGUAGE_STANDARD = "gnu++17";
				CLANG_CXX_LIBRARY = "libc++";
				CLANG_ENABLE_MODULES = YES;
				CLANG_ENABLE_OBJC_ARC = YES;
				CLANG_ENABLE_OBJC_WEAK = YES;
				CLANG_WARN_BLOCK_CAPTURE_AUTORELEASING = YES;
				CLANG_WARN_BOOL_CONVERSION = YES;
				CLANG_WARN_COMMA = YES;
				CLANG_WARN_CONSTANT_CONVERSION = YES;
				CLANG_WARN_DEPRECATED_OBJC_IMPLEMENTATIONS = YES;
				CLANG_WARN_DIRECT_OBJC_ISA_USAGE = YES_ERROR;
				CLANG_WARN_DOCUMENTATION_COMMENTS = YES;
				CLANG_WARN_EMPTY_BODY = YES;
				CLANG_WARN_ENUM_CONVERSION = YES;
				CLANG_WARN_INFINITE_RECURSION = YES;
				CLANG_WARN_INT_CONVERSION = YES;
				CLANG_WARN_NON_LITERAL_NULL_CONVERSION = YES;
				CLANG_WARN_OBJC_IMPLICIT_RETAIN_SELF = YES;
				CLANG_WARN_OBJC_LITERAL_CONVERSION = YES;
				CLANG_WARN_OBJC_ROOT_CLASS = YES_ERROR;
				CLANG_WARN_QUOTED_INCLUDE_IN_FRAMEWORK_HEADER = YES;
				CLANG_WARN_RANGE_LOOP_ANALYSIS = YES;
				CLANG_WARN_STRICT_PROTOTYPES = YES;
				CLANG_WARN_SUSPICIOUS_MOVE = YES;
				CLANG_WARN_UNGUARDED_AVAILABILITY = YES_AGGRESSIVE;
				CLANG_WARN_UNREACHABLE_CODE = YES;
				CLANG_WARN__DUPLICATE_METHOD_MATCH = YES;
				COPY_PHASE_STRIP = NO;
				DEBUG_INFORMATION_FORMAT = "dwarf-with-dsym";
				ENABLE_NS_ASSERTIONS = NO;
				ENABLE_STRICT_OBJC_MSGSEND = YES;
				GCC_C_LANGUAGE_STANDARD = gnu11;
				GCC_NO_COMMON_BLOCKS = YES;
				GCC_WARN_64_TO_32_BIT_CONVERSION = YES;
				GCC_WARN_ABOUT_RETURN_TYPE = YES_ERROR;
				GCC_WARN_UNDECLARED_SELECTOR = YES;
				GCC_WARN_UNINITIALIZED_AUTOS = YES_AGGRESSIVE;
				GCC_WARN_UNUSED_FUNCTION = YES;
				GCC_WARN_UNUSED_VARIABLE = YES;
				IPHONEOS_DEPLOYMENT_TARGET = 15.2;
				MTL_ENABLE_DEBUG_INFO = NO;
				MTL_FAST_MATH = YES;
				SDKROOT = iphoneos;
				SWIFT_COMPILATION_MODE = wholemodule;
				SWIFT_OPTIMIZATION_LEVEL = "-O";
				VALIDATE_PRODUCT = YES;
			};
			name = Release;
		};
		5CAEEF6C27A3AFF000FA0CFC /* Debug */ = {
			isa = XCBuildConfiguration;
			buildSettings = {
				ASSETCATALOG_COMPILER_APPICON_NAME = AppIcon;
				ASSETCATALOG_COMPILER_GLOBAL_ACCENT_COLOR_NAME = AccentColor;
				CODE_SIGN_STYLE = Automatic;
				CURRENT_PROJECT_VERSION = 1;
				DEVELOPMENT_TEAM = N4RT4KGQK9;
				GENERATE_INFOPLIST_FILE = YES;
				INFOPLIST_FILE = "TableView-Swipe-Example/Info.plist";
				INFOPLIST_KEY_UIApplicationSupportsIndirectInputEvents = YES;
				INFOPLIST_KEY_UILaunchStoryboardName = LaunchScreen;
				INFOPLIST_KEY_UIMainStoryboardFile = Main;
				INFOPLIST_KEY_UISupportedInterfaceOrientations_iPad = "UIInterfaceOrientationPortrait UIInterfaceOrientationPortraitUpsideDown UIInterfaceOrientationLandscapeLeft UIInterfaceOrientationLandscapeRight";
				INFOPLIST_KEY_UISupportedInterfaceOrientations_iPhone = "UIInterfaceOrientationPortrait UIInterfaceOrientationLandscapeLeft UIInterfaceOrientationLandscapeRight";
				LD_RUNPATH_SEARCH_PATHS = (
					"$(inherited)",
					"@executable_path/Frameworks",
				);
				MARKETING_VERSION = 1.0;
				PRODUCT_BUNDLE_IDENTIFIER = "com.madilyn.TableView-Swipe-Example";
				PRODUCT_NAME = "$(TARGET_NAME)";
				SWIFT_EMIT_LOC_STRINGS = YES;
				SWIFT_VERSION = 5.0;
				TARGETED_DEVICE_FAMILY = "1,2";
			};
			name = Debug;
		};
		5CAEEF6D27A3AFF000FA0CFC /* Release */ = {
			isa = XCBuildConfiguration;
			buildSettings = {
				ASSETCATALOG_COMPILER_APPICON_NAME = AppIcon;
				ASSETCATALOG_COMPILER_GLOBAL_ACCENT_COLOR_NAME = AccentColor;
				CODE_SIGN_STYLE = Automatic;
				CURRENT_PROJECT_VERSION = 1;
				DEVELOPMENT_TEAM = N4RT4KGQK9;
				GENERATE_INFOPLIST_FILE = YES;
				INFOPLIST_FILE = "TableView-Swipe-Example/Info.plist";
				INFOPLIST_KEY_UIApplicationSupportsIndirectInputEvents = YES;
				INFOPLIST_KEY_UILaunchStoryboardName = LaunchScreen;
				INFOPLIST_KEY_UIMainStoryboardFile = Main;
				INFOPLIST_KEY_UISupportedInterfaceOrientations_iPad = "UIInterfaceOrientationPortrait UIInterfaceOrientationPortraitUpsideDown UIInterfaceOrientationLandscapeLeft UIInterfaceOrientationLandscapeRight";
				INFOPLIST_KEY_UISupportedInterfaceOrientations_iPhone = "UIInterfaceOrientationPortrait UIInterfaceOrientationLandscapeLeft UIInterfaceOrientationLandscapeRight";
				LD_RUNPATH_SEARCH_PATHS = (
					"$(inherited)",
					"@executable_path/Frameworks",
				);
				MARKETING_VERSION = 1.0;
				PRODUCT_BUNDLE_IDENTIFIER = "com.madilyn.TableView-Swipe-Example";
				PRODUCT_NAME = "$(TARGET_NAME)";
				SWIFT_EMIT_LOC_STRINGS = YES;
				SWIFT_VERSION = 5.0;
				TARGETED_DEVICE_FAMILY = "1,2";
			};
			name = Release;
		};
/* End XCBuildConfiguration section */

/* Begin XCConfigurationList section */
		5CAEEF5227A3AFEC00FA0CFC /* Build configuration list for PBXProject "TableView-Swipe-Example" */ = {
			isa = XCConfigurationList;
			buildConfigurations = (
				5CAEEF6927A3AFF000FA0CFC /* Debug */,
				5CAEEF6A27A3AFF000FA0CFC /* Release */,
			);
			defaultConfigurationIsVisible = 0;
			defaultConfigurationName = Release;
		};
		5CAEEF6B27A3AFF000FA0CFC /* Build configuration list for PBXNativeTarget "TableView-Swipe-Example" */ = {
			isa = XCConfigurationList;
			buildConfigurations = (
				5CAEEF6C27A3AFF000FA0CFC /* Debug */,
				5CAEEF6D27A3AFF000FA0CFC /* Release */,
			);
			defaultConfigurationIsVisible = 0;
			defaultConfigurationName = Release;
		};
/* End XCConfigurationList section */
	};
	rootObject = 5CAEEF4F27A3AFEC00FA0CFC /* Project object */;
}
