// !$*UTF8*$!
{
	archiveVersion = 1;
	classes = {
	};
	objectVersion = 51;
	objects = {

/* Begin PBXBuildFile section */
		5C94BE8025CAAD300088B534 /* AppDelegate.swift in Sources */ = {isa = PBXBuildFile; fileRef = 5C94BE7F25CAAD300088B534 /* AppDelegate.swift */; };
		5C94BE8225CAAD300088B534 /* SceneDelegate.swift in Sources */ = {isa = PBXBuildFile; fileRef = 5C94BE8125CAAD300088B534 /* SceneDelegate.swift */; };
		5C94BE8425CAAD300088B534 /* ViewController.swift in Sources */ = {isa = PBXBuildFile; fileRef = 5C94BE8325CAAD300088B534 /* ViewController.swift */; };
		5C94BE8725CAAD300088B534 /* Main.storyboard in Resources */ = {isa = PBXBuildFile; fileRef = 5C94BE8525CAAD300088B534 /* Main.storyboard */; };
		5C94BE8925CAAD320088B534 /* Assets.xcassets in Resources */ = {isa = PBXBuildFile; fileRef = 5C94BE8825CAAD320088B534 /* Assets.xcassets */; };
		5C94BE8C25CAAD320088B534 /* LaunchScreen.storyboard in Resources */ = {isa = PBXBuildFile; fileRef = 5C94BE8A25CAAD320088B534 /* LaunchScreen.storyboard */; };
		D8F1C57130DCDA046B1E7D32 /* Pods_ScalingCarouselExample.framework in Frameworks */ = {isa = PBXBuildFile; fileRef = 7955C3B63471A0B283D7441B /* Pods_ScalingCarouselExample.framework */; };
/* End PBXBuildFile section */

/* Begin PBXFileReference section */
		5C94BE7C25CAAD300088B534 /* ScalingCarouselExample.app */ = {isa = PBXFileReference; explicitFileType = wrapper.application; includeInIndex = 0; path = ScalingCarouselExample.app; sourceTree = BUILT_PRODUCTS_DIR; };
		5C94BE7F25CAAD300088B534 /* AppDelegate.swift */ = {isa = PBXFileReference; lastKnownFileType = sourcecode.swift; path = AppDelegate.swift; sourceTree = "<group>"; };
		5C94BE8125CAAD300088B534 /* SceneDelegate.swift */ = {isa = PBXFileReference; lastKnownFileType = sourcecode.swift; path = SceneDelegate.swift; sourceTree = "<group>"; };
		5C94BE8325CAAD300088B534 /* ViewController.swift */ = {isa = PBXFileReference; lastKnownFileType = sourcecode.swift; path = ViewController.swift; sourceTree = "<group>"; };
		5C94BE8625CAAD300088B534 /* Base */ = {isa = PBXFileReference; lastKnownFileType = file.storyboard; name = Base; path = Base.lproj/Main.storyboard; sourceTree = "<group>"; };
		5C94BE8825CAAD320088B534 /* Assets.xcassets */ = {isa = PBXFileReference; lastKnownFileType = folder.assetcatalog; path = Assets.xcassets; sourceTree = "<group>"; };
		5C94BE8B25CAAD320088B534 /* Base */ = {isa = PBXFileReference; lastKnownFileType = file.storyboard; name = Base; path = Base.lproj/LaunchScreen.storyboard; sourceTree = "<group>"; };
		5C94BE8D25CAAD320088B534 /* Info.plist */ = {isa = PBXFileReference; lastKnownFileType = text.plist.xml; path = Info.plist; sourceTree = "<group>"; };
		73E4C1E6A700FD88BC1AA08E /* Pods-ScalingCarouselExample.release.xcconfig */ = {isa = PBXFileReference; includeInIndex = 1; lastKnownFileType = text.xcconfig; name = "Pods-ScalingCarouselExample.release.xcconfig"; path = "Target Support Files/Pods-ScalingCarouselExample/Pods-ScalingCarouselExample.release.xcconfig"; sourceTree = "<group>"; };
		7955C3B63471A0B283D7441B /* Pods_ScalingCarouselExample.framework */ = {isa = PBXFileReference; explicitFileType = wrapper.framework; includeInIndex = 0; path = Pods_ScalingCarouselExample.framework; sourceTree = BUILT_PRODUCTS_DIR; };
		F076978E83CBBB22EED81631 /* Pods-ScalingCarouselExample.debug.xcconfig */ = {isa = PBXFileReference; includeInIndex = 1; lastKnownFileType = text.xcconfig; name = "Pods-ScalingCarouselExample.debug.xcconfig"; path = "Target Support Files/Pods-ScalingCarouselExample/Pods-ScalingCarouselExample.debug.xcconfig"; sourceTree = "<group>"; };
/* End PBXFileReference section */

/* Begin PBXFrameworksBuildPhase section */
		5C94BE7925CAAD300088B534 /* Frameworks */ = {
			isa = PBXFrameworksBuildPhase;
			buildActionMask = 2147483647;
			files = (
				D8F1C57130DCDA046B1E7D32 /* Pods_ScalingCarouselExample.framework in Frameworks */,
			);
			runOnlyForDeploymentPostprocessing = 0;
		};
/* End PBXFrameworksBuildPhase section */

/* Begin PBXGroup section */
		0BF57E270DA34B2045A0C3ED /* Pods */ = {
			isa = PBXGroup;
			children = (
				F076978E83CBBB22EED81631 /* Pods-ScalingCarouselExample.debug.xcconfig */,
				73E4C1E6A700FD88BC1AA08E /* Pods-ScalingCarouselExample.release.xcconfig */,
			);
			path = Pods;
			sourceTree = "<group>";
		};
		5C94BE7325CAAD300088B534 = {
			isa = PBXGroup;
			children = (
				5C94BE7E25CAAD300088B534 /* ScalingCarouselExample */,
				5C94BE7D25CAAD300088B534 /* Products */,
				0BF57E270DA34B2045A0C3ED /* Pods */,
				BF9338D28465740ADD0EEDB6 /* Frameworks */,
			);
			sourceTree = "<group>";
		};
		5C94BE7D25CAAD300088B534 /* Products */ = {
			isa = PBXGroup;
			children = (
				5C94BE7C25CAAD300088B534 /* ScalingCarouselExample.app */,
			);
			name = Products;
			sourceTree = "<group>";
		};
		5C94BE7E25CAAD300088B534 /* ScalingCarouselExample */ = {
			isa = PBXGroup;
			children = (
				5C94BE7F25CAAD300088B534 /* AppDelegate.swift */,
				5C94BE8125CAAD300088B534 /* SceneDelegate.swift */,
				5C94BE8325CAAD300088B534 /* ViewController.swift */,
				5C94BE8525CAAD300088B534 /* Main.storyboard */,
				5C94BE8825CAAD320088B534 /* Assets.xcassets */,
				5C94BE8A25CAAD320088B534 /* LaunchScreen.storyboard */,
				5C94BE8D25CAAD320088B534 /* Info.plist */,
			);
			path = ScalingCarouselExample;
			sourceTree = "<group>";
		};
		BF9338D28465740ADD0EEDB6 /* Frameworks */ = {
			isa = PBXGroup;
			children = (
				7955C3B63471A0B283D7441B /* Pods_ScalingCarouselExample.framework */,
			);
			name = Frameworks;
			sourceTree = "<group>";
		};
/* End PBXGroup section */

/* Begin PBXNativeTarget section */
		5C94BE7B25CAAD300088B534 /* ScalingCarouselExample */ = {
			isa = PBXNativeTarget;
			buildConfigurationList = 5C94BE9025CAAD320088B534 /* Build configuration list for PBXNativeTarget "ScalingCarouselExample" */;
			buildPhases = (
				163B6CC34EEA279AB69BA10D /* [CP] Check Pods Manifest.lock */,
				5C94BE7825CAAD300088B534 /* Sources */,
				5C94BE7925CAAD300088B534 /* Frameworks */,
				5C94BE7A25CAAD300088B534 /* Resources */,
				7D66DC1A602977A56763F258 /* [CP] Embed Pods Frameworks */,
			);
			buildRules = (
			);
			dependencies = (
			);
			name = ScalingCarouselExample;
			productName = ScalingCarouselExample;
			productReference = 5C94BE7C25CAAD300088B534 /* ScalingCarouselExample.app */;
			productType = "com.apple.product-type.application";
		};
/* End PBXNativeTarget section */

/* Begin PBXProject section */
		5C94BE7425CAAD300088B534 /* Project object */ = {
			isa = PBXProject;
			attributes = {
				LastSwiftUpdateCheck = 1240;
				LastUpgradeCheck = 1240;
				TargetAttributes = {
					5C94BE7B25CAAD300088B534 = {
						CreatedOnToolsVersion = 12.4;
					};
				};
			};
			buildConfigurationList = 5C94BE7725CAAD300088B534 /* Build configuration list for PBXProject "ScalingCarouselExample" */;
			compatibilityVersion = "Xcode 9.3";
			developmentRegion = en;
			hasScannedForEncodings = 0;
			knownRegions = (
				en,
				Base,
			);
			mainGroup = 5C94BE7325CAAD300088B534;
			productRefGroup = 5C94BE7D25CAAD300088B534 /* Products */;
			projectDirPath = "";
			projectRoot = "";
			targets = (
				5C94BE7B25CAAD300088B534 /* ScalingCarouselExample */,
			);
		};
/* End PBXProject section */

/* Begin PBXResourcesBuildPhase section */
		5C94BE7A25CAAD300088B534 /* Resources */ = {
			isa = PBXResourcesBuildPhase;
			buildActionMask = 2147483647;
			files = (
				5C94BE8C25CAAD320088B534 /* LaunchScreen.storyboard in Resources */,
				5C94BE8925CAAD320088B534 /* Assets.xcassets in Resources */,
				5C94BE8725CAAD300088B534 /* Main.storyboard in Resources */,
			);
			runOnlyForDeploymentPostprocessing = 0;
		};
/* End PBXResourcesBuildPhase section */

/* Begin PBXShellScriptBuildPhase section */
		163B6CC34EEA279AB69BA10D /* [CP] Check Pods Manifest.lock */ = {
			isa = PBXShellScriptBuildPhase;
			buildActionMask = 2147483647;
			files = (
			);
			inputFileListPaths = (
			);
			inputPaths = (
				"${PODS_PODFILE_DIR_PATH}/Podfile.lock",
				"${PODS_ROOT}/Manifest.lock",
			);
			name = "[CP] Check Pods Manifest.lock";
			outputFileListPaths = (
			);
			outputPaths = (
				"$(DERIVED_FILE_DIR)/Pods-ScalingCarouselExample-checkManifestLockResult.txt",
			);
			runOnlyForDeploymentPostprocessing = 0;
			shellPath = /bin/sh;
			shellScript = "diff \"${PODS_PODFILE_DIR_PATH}/Podfile.lock\" \"${PODS_ROOT}/Manifest.lock\" > /dev/null\nif [ $? != 0 ] ; then\n    # print error to STDERR\n    echo \"error: The sandbox is not in sync with the Podfile.lock. Run 'pod install' or update your CocoaPods installation.\" >&2\n    exit 1\nfi\n# This output is used by Xcode 'outputs' to avoid re-running this script phase.\necho \"SUCCESS\" > \"${SCRIPT_OUTPUT_FILE_0}\"\n";
			showEnvVarsInLog = 0;
		};
		7D66DC1A602977A56763F258 /* [CP] Embed Pods Frameworks */ = {
			isa = PBXShellScriptBuildPhase;
			buildActionMask = 2147483647;
			files = (
			);
			inputFileListPaths = (
				"${PODS_ROOT}/Target Support Files/Pods-ScalingCarouselExample/Pods-ScalingCarouselExample-frameworks-${CONFIGURATION}-input-files.xcfilelist",
			);
			name = "[CP] Embed Pods Frameworks";
			outputFileListPaths = (
				"${PODS_ROOT}/Target Support Files/Pods-ScalingCarouselExample/Pods-ScalingCarouselExample-frameworks-${CONFIGURATION}-output-files.xcfilelist",
			);
			runOnlyForDeploymentPostprocessing = 0;
			shellPath = /bin/sh;
			shellScript = "\"${PODS_ROOT}/Target Support Files/Pods-ScalingCarouselExample/Pods-ScalingCarouselExample-frameworks.sh\"\n";
			showEnvVarsInLog = 0;
		};
/* End PBXShellScriptBuildPhase section */

/* Begin PBXSourcesBuildPhase section */
		5C94BE7825CAAD300088B534 /* Sources */ = {
			isa = PBXSourcesBuildPhase;
			buildActionMask = 2147483647;
			files = (
				5C94BE8425CAAD300088B534 /* ViewController.swift in Sources */,
				5C94BE8025CAAD300088B534 /* AppDelegate.swift in Sources */,
				5C94BE8225CAAD300088B534 /* SceneDelegate.swift in Sources */,
			);
			runOnlyForDeploymentPostprocessing = 0;
		};
/* End PBXSourcesBuildPhase section */

/* Begin PBXVariantGroup section */
		5C94BE8525CAAD300088B534 /* Main.storyboard */ = {
			isa = PBXVariantGroup;
			children = (
				5C94BE8625CAAD300088B534 /* Base */,
			);
			name = Main.storyboard;
			sourceTree = "<group>";
		};
		5C94BE8A25CAAD320088B534 /* LaunchScreen.storyboard */ = {
			isa = PBXVariantGroup;
			children = (
				5C94BE8B25CAAD320088B534 /* Base */,
			);
			name = LaunchScreen.storyboard;
			sourceTree = "<group>";
		};
/* End PBXVariantGroup section */

/* Begin XCBuildConfiguration section */
		5C94BE8E25CAAD320088B534 /* Debug */ = {
			isa = XCBuildConfiguration;
			buildSettings = {
				ALWAYS_SEARCH_USER_PATHS = NO;
				CLANG_ANALYZER_NONNULL = YES;
				CLANG_ANALYZER_NUMBER_OBJECT_CONVERSION = YES_AGGRESSIVE;
				CLANG_CXX_LANGUAGE_STANDARD = "gnu++14";
				CLANG_CXX_LIBRARY = "libc++";
				CLANG_ENABLE_MODULES = YES;
				CLANG_ENABLE_OBJC_ARC = YES;
				CLANG_ENABLE_OBJC_WEAK = YES;
				CLANG_WARN_BLOCK_CAPTURE_AUTORELEASING = YES;
				CLANG_WARN_BOOL_CONVERSION = YES;
				CLANG_WARN_COMMA = YES;
				CLANG_WARN_CONSTANT_CONVERSION = YES;
				CLANG_WARN_DEPRECATED_OBJC_IMPLEMENTATIONS = YES;
				CLANG_WARN_DIRECT_OBJC_ISA_USAGE = YES_ERROR;
				CLANG_WARN_DOCUMENTATION_COMMENTS = YES;
				CLANG_WARN_EMPTY_BODY = YES;
				CLANG_WARN_ENUM_CONVERSION = YES;
				CLANG_WARN_INFINITE_RECURSION = YES;
				CLANG_WARN_INT_CONVERSION = YES;
				CLANG_WARN_NON_LITERAL_NULL_CONVERSION = YES;
				CLANG_WARN_OBJC_IMPLICIT_RETAIN_SELF = YES;
				CLANG_WARN_OBJC_LITERAL_CONVERSION = YES;
				CLANG_WARN_OBJC_ROOT_CLASS = YES_ERROR;
				CLANG_WARN_QUOTED_INCLUDE_IN_FRAMEWORK_HEADER = YES;
				CLANG_WARN_RANGE_LOOP_ANALYSIS = YES;
				CLANG_WARN_STRICT_PROTOTYPES = YES;
				CLANG_WARN_SUSPICIOUS_MOVE = YES;
				CLANG_WARN_UNGUARDED_AVAILABILITY = YES_AGGRESSIVE;
				CLANG_WARN_UNREACHABLE_CODE = YES;
				CLANG_WARN__DUPLICATE_METHOD_MATCH = YES;
				COPY_PHASE_STRIP = NO;
				DEBUG_INFORMATION_FORMAT = dwarf;
				ENABLE_STRICT_OBJC_MSGSEND = YES;
				ENABLE_TESTABILITY = YES;
				GCC_C_LANGUAGE_STANDARD = gnu11;
				GCC_DYNAMIC_NO_PIC = NO;
				GCC_NO_COMMON_BLOCKS = YES;
				GCC_OPTIMIZATION_LEVEL = 0;
				GCC_PREPROCESSOR_DEFINITIONS = (
					"DEBUG=1",
					"$(inherited)",
				);
				GCC_WARN_64_TO_32_BIT_CONVERSION = YES;
				GCC_WARN_ABOUT_RETURN_TYPE = YES_ERROR;
				GCC_WARN_UNDECLARED_SELECTOR = YES;
				GCC_WARN_UNINITIALIZED_AUTOS = YES_AGGRESSIVE;
				GCC_WARN_UNUSED_FUNCTION = YES;
				GCC_WARN_UNUSED_VARIABLE = YES;
				IPHONEOS_DEPLOYMENT_TARGET = 14.4;
				MTL_ENABLE_DEBUG_INFO = INCLUDE_SOURCE;
				MTL_FAST_MATH = YES;
				ONLY_ACTIVE_ARCH = YES;
				SDKROOT = iphoneos;
				SWIFT_ACTIVE_COMPILATION_CONDITIONS = DEBUG;
				SWIFT_OPTIMIZATION_LEVEL = "-Onone";
			};
			name = Debug;
		};
		5C94BE8F25CAAD320088B534 /* Release */ = {
			isa = XCBuildConfiguration;
			buildSettings = {
				ALWAYS_SEARCH_USER_PATHS = NO;
				CLANG_ANALYZER_NONNULL = YES;
				CLANG_ANALYZER_NUMBER_OBJECT_CONVERSION = YES_AGGRESSIVE;
				CLANG_CXX_LANGUAGE_STANDARD = "gnu++14";
				CLANG_CXX_LIBRARY = "libc++";
				CLANG_ENABLE_MODULES = YES;
				CLANG_ENABLE_OBJC_ARC = YES;
				CLANG_ENABLE_OBJC_WEAK = YES;
				CLANG_WARN_BLOCK_CAPTURE_AUTORELEASING = YES;
				CLANG_WARN_BOOL_CONVERSION = YES;
				CLANG_WARN_COMMA = YES;
				CLANG_WARN_CONSTANT_CONVERSION = YES;
				CLANG_WARN_DEPRECATED_OBJC_IMPLEMENTATIONS = YES;
				CLANG_WARN_DIRECT_OBJC_ISA_USAGE = YES_ERROR;
				CLANG_WARN_DOCUMENTATION_COMMENTS = YES;
				CLANG_WARN_EMPTY_BODY = YES;
				CLANG_WARN_ENUM_CONVERSION = YES;
				CLANG_WARN_INFINITE_RECURSION = YES;
				CLANG_WARN_INT_CONVERSION = YES;
				CLANG_WARN_NON_LITERAL_NULL_CONVERSION = YES;
				CLANG_WARN_OBJC_IMPLICIT_RETAIN_SELF = YES;
				CLANG_WARN_OBJC_LITERAL_CONVERSION = YES;
				CLANG_WARN_OBJC_ROOT_CLASS = YES_ERROR;
				CLANG_WARN_QUOTED_INCLUDE_IN_FRAMEWORK_HEADER = YES;
				CLANG_WARN_RANGE_LOOP_ANALYSIS = YES;
				CLANG_WARN_STRICT_PROTOTYPES = YES;
				CLANG_WARN_SUSPICIOUS_MOVE = YES;
				CLANG_WARN_UNGUARDED_AVAILABILITY = YES_AGGRESSIVE;
				CLANG_WARN_UNREACHABLE_CODE = YES;
				CLANG_WARN__DUPLICATE_METHOD_MATCH = YES;
				COPY_PHASE_STRIP = NO;
				DEBUG_INFORMATION_FORMAT = "dwarf-with-dsym";
				ENABLE_NS_ASSERTIONS = NO;
				ENABLE_STRICT_OBJC_MSGSEND = YES;
				GCC_C_LANGUAGE_STANDARD = gnu11;
				GCC_NO_COMMON_BLOCKS = YES;
				GCC_WARN_64_TO_32_BIT_CONVERSION = YES;
				GCC_WARN_ABOUT_RETURN_TYPE = YES_ERROR;
				GCC_WARN_UNDECLARED_SELECTOR = YES;
				GCC_WARN_UNINITIALIZED_AUTOS = YES_AGGRESSIVE;
				GCC_WARN_UNUSED_FUNCTION = YES;
				GCC_WARN_UNUSED_VARIABLE = YES;
				IPHONEOS_DEPLOYMENT_TARGET = 14.4;
				MTL_ENABLE_DEBUG_INFO = NO;
				MTL_FAST_MATH = YES;
				SDKROOT = iphoneos;
				SWIFT_COMPILATION_MODE = wholemodule;
				SWIFT_OPTIMIZATION_LEVEL = "-O";
				VALIDATE_PRODUCT = YES;
			};
			name = Release;
		};
		5C94BE9125CAAD320088B534 /* Debug */ = {
			isa = XCBuildConfiguration;
			baseConfigurationReference = F076978E83CBBB22EED81631 /* Pods-ScalingCarouselExample.debug.xcconfig */;
			buildSettings = {
				ASSETCATALOG_COMPILER_APPICON_NAME = AppIcon;
				ASSETCATALOG_COMPILER_GLOBAL_ACCENT_COLOR_NAME = AccentColor;
				CODE_SIGN_STYLE = Automatic;
				DEVELOPMENT_TEAM = N4RT4KGQK9;
				INFOPLIST_FILE = ScalingCarouselExample/Info.plist;
				LD_RUNPATH_SEARCH_PATHS = (
					"$(inherited)",
					"@executable_path/Frameworks",
				);
				PRODUCT_BUNDLE_IDENTIFIER = com.madilyn.ScalingCarouselExample;
				PRODUCT_NAME = "$(TARGET_NAME)";
				SWIFT_VERSION = 5.0;
				TARGETED_DEVICE_FAMILY = "1,2";
			};
			name = Debug;
		};
		5C94BE9225CAAD320088B534 /* Release */ = {
			isa = XCBuildConfiguration;
			baseConfigurationReference = 73E4C1E6A700FD88BC1AA08E /* Pods-ScalingCarouselExample.release.xcconfig */;
			buildSettings = {
				ASSETCATALOG_COMPILER_APPICON_NAME = AppIcon;
				ASSETCATALOG_COMPILER_GLOBAL_ACCENT_COLOR_NAME = AccentColor;
				CODE_SIGN_STYLE = Automatic;
				DEVELOPMENT_TEAM = N4RT4KGQK9;
				INFOPLIST_FILE = ScalingCarouselExample/Info.plist;
				LD_RUNPATH_SEARCH_PATHS = (
					"$(inherited)",
					"@executable_path/Frameworks",
				);
				PRODUCT_BUNDLE_IDENTIFIER = com.madilyn.ScalingCarouselExample;
				PRODUCT_NAME = "$(TARGET_NAME)";
				SWIFT_VERSION = 5.0;
				TARGETED_DEVICE_FAMILY = "1,2";
			};
			name = Release;
		};
/* End XCBuildConfiguration section */

/* Begin XCConfigurationList section */
		5C94BE7725CAAD300088B534 /* Build configuration list for PBXProject "ScalingCarouselExample" */ = {
			isa = XCConfigurationList;
			buildConfigurations = (
				5C94BE8E25CAAD320088B534 /* Debug */,
				5C94BE8F25CAAD320088B534 /* Release */,
			);
			defaultConfigurationIsVisible = 0;
			defaultConfigurationName = Release;
		};
		5C94BE9025CAAD320088B534 /* Build configuration list for PBXNativeTarget "ScalingCarouselExample" */ = {
			isa = XCConfigurationList;
			buildConfigurations = (
				5C94BE9125CAAD320088B534 /* Debug */,
				5C94BE9225CAAD320088B534 /* Release */,
			);
			defaultConfigurationIsVisible = 0;
			defaultConfigurationName = Release;
		};
/* End XCConfigurationList section */
	};
	rootObject = 5C94BE7425CAAD300088B534 /* Project object */;
}
