// !$*UTF8*$!
{
	archiveVersion = 1;
	classes = {
	};
	objectVersion = 55;
	objects = {

/* Begin PBXBuildFile section */
		1E8E1D9D8936F9EC3E9E30C2 /* Pods_FCM_example.framework in Frameworks */ = {isa = PBXBuildFile; fileRef = 0364204014EF2000352A9D3C /* Pods_FCM_example.framework */; };
		5CF113A52717E4600063B7BF /* AppDelegate.swift in Sources */ = {isa = PBXBuildFile; fileRef = 5CF113A42717E4600063B7BF /* AppDelegate.swift */; };
		5CF113A72717E4600063B7BF /* SceneDelegate.swift in Sources */ = {isa = PBXBuildFile; fileRef = 5CF113A62717E4600063B7BF /* SceneDelegate.swift */; };
		5CF113A92717E4600063B7BF /* ViewController.swift in Sources */ = {isa = PBXBuildFile; fileRef = 5CF113A82717E4600063B7BF /* ViewController.swift */; };
		5CF113AC2717E4600063B7BF /* Main.storyboard in Resources */ = {isa = PBXBuildFile; fileRef = 5CF113AA2717E4600063B7BF /* Main.storyboard */; };
		5CF113AE2717E4620063B7BF /* Assets.xcassets in Resources */ = {isa = PBXBuildFile; fileRef = 5CF113AD2717E4620063B7BF /* Assets.xcassets */; };
		5CF113B12717E4620063B7BF /* LaunchScreen.storyboard in Resources */ = {isa = PBXBuildFile; fileRef = 5CF113AF2717E4620063B7BF /* LaunchScreen.storyboard */; };
		5CF113BA2717EA200063B7BF /* GoogleService-Info.plist in Resources */ = {isa = PBXBuildFile; fileRef = 5CF113B92717EA200063B7BF /* GoogleService-Info.plist */; };
/* End PBXBuildFile section */

/* Begin PBXFileReference section */
		0364204014EF2000352A9D3C /* Pods_FCM_example.framework */ = {isa = PBXFileReference; explicitFileType = wrapper.framework; includeInIndex = 0; path = Pods_FCM_example.framework; sourceTree = BUILT_PRODUCTS_DIR; };
		5CF113A12717E4600063B7BF /* FCM-example.app */ = {isa = PBXFileReference; explicitFileType = wrapper.application; includeInIndex = 0; path = "FCM-example.app"; sourceTree = BUILT_PRODUCTS_DIR; };
		5CF113A42717E4600063B7BF /* AppDelegate.swift */ = {isa = PBXFileReference; lastKnownFileType = sourcecode.swift; path = AppDelegate.swift; sourceTree = "<group>"; };
		5CF113A62717E4600063B7BF /* SceneDelegate.swift */ = {isa = PBXFileReference; lastKnownFileType = sourcecode.swift; path = SceneDelegate.swift; sourceTree = "<group>"; };
		5CF113A82717E4600063B7BF /* ViewController.swift */ = {isa = PBXFileReference; lastKnownFileType = sourcecode.swift; path = ViewController.swift; sourceTree = "<group>"; };
		5CF113AB2717E4600063B7BF /* Base */ = {isa = PBXFileReference; lastKnownFileType = file.storyboard; name = Base; path = Base.lproj/Main.storyboard; sourceTree = "<group>"; };
		5CF113AD2717E4620063B7BF /* Assets.xcassets */ = {isa = PBXFileReference; lastKnownFileType = folder.assetcatalog; path = Assets.xcassets; sourceTree = "<group>"; };
		5CF113B02717E4620063B7BF /* Base */ = {isa = PBXFileReference; lastKnownFileType = file.storyboard; name = Base; path = Base.lproj/LaunchScreen.storyboard; sourceTree = "<group>"; };
		5CF113B22717E4620063B7BF /* Info.plist */ = {isa = PBXFileReference; lastKnownFileType = text.plist.xml; path = Info.plist; sourceTree = "<group>"; };
		5CF113B82717E6AF0063B7BF /* FCM-example.entitlements */ = {isa = PBXFileReference; lastKnownFileType = text.plist.entitlements; path = "FCM-example.entitlements"; sourceTree = "<group>"; };
		5CF113B92717EA200063B7BF /* GoogleService-Info.plist */ = {isa = PBXFileReference; fileEncoding = 4; lastKnownFileType = text.plist.xml; path = "GoogleService-Info.plist"; sourceTree = "<group>"; };
		CC1CCB69C3B82AFC81A79C0F /* Pods-FCM-example.release.xcconfig */ = {isa = PBXFileReference; includeInIndex = 1; lastKnownFileType = text.xcconfig; name = "Pods-FCM-example.release.xcconfig"; path = "Target Support Files/Pods-FCM-example/Pods-FCM-example.release.xcconfig"; sourceTree = "<group>"; };
		F09720E90E3E8B3B745C0BDD /* Pods-FCM-example.debug.xcconfig */ = {isa = PBXFileReference; includeInIndex = 1; lastKnownFileType = text.xcconfig; name = "Pods-FCM-example.debug.xcconfig"; path = "Target Support Files/Pods-FCM-example/Pods-FCM-example.debug.xcconfig"; sourceTree = "<group>"; };
/* End PBXFileReference section */

/* Begin PBXFrameworksBuildPhase section */
		5CF1139E2717E4600063B7BF /* Frameworks */ = {
			isa = PBXFrameworksBuildPhase;
			buildActionMask = 2147483647;
			files = (
				1E8E1D9D8936F9EC3E9E30C2 /* Pods_FCM_example.framework in Frameworks */,
			);
			runOnlyForDeploymentPostprocessing = 0;
		};
/* End PBXFrameworksBuildPhase section */

/* Begin PBXGroup section */
		1410640F0BE3C9F6E5DD2275 /* Pods */ = {
			isa = PBXGroup;
			children = (
				F09720E90E3E8B3B745C0BDD /* Pods-FCM-example.debug.xcconfig */,
				CC1CCB69C3B82AFC81A79C0F /* Pods-FCM-example.release.xcconfig */,
			);
			path = Pods;
			sourceTree = "<group>";
		};
		5CF113982717E4600063B7BF = {
			isa = PBXGroup;
			children = (
				5CF113A32717E4600063B7BF /* FCM-example */,
				5CF113A22717E4600063B7BF /* Products */,
				1410640F0BE3C9F6E5DD2275 /* Pods */,
				FB2B0E1506E988B6F03B0B70 /* Frameworks */,
			);
			sourceTree = "<group>";
		};
		5CF113A22717E4600063B7BF /* Products */ = {
			isa = PBXGroup;
			children = (
				5CF113A12717E4600063B7BF /* FCM-example.app */,
			);
			name = Products;
			sourceTree = "<group>";
		};
		5CF113A32717E4600063B7BF /* FCM-example */ = {
			isa = PBXGroup;
			children = (
				5CF113B82717E6AF0063B7BF /* FCM-example.entitlements */,
				5CF113A42717E4600063B7BF /* AppDelegate.swift */,
				5CF113A62717E4600063B7BF /* SceneDelegate.swift */,
				5CF113A82717E4600063B7BF /* ViewController.swift */,
				5CF113AA2717E4600063B7BF /* Main.storyboard */,
				5CF113AD2717E4620063B7BF /* Assets.xcassets */,
				5CF113AF2717E4620063B7BF /* LaunchScreen.storyboard */,
				5CF113B22717E4620063B7BF /* Info.plist */,
				5CF113B92717EA200063B7BF /* GoogleService-Info.plist */,
			);
			path = "FCM-example";
			sourceTree = "<group>";
		};
		FB2B0E1506E988B6F03B0B70 /* Frameworks */ = {
			isa = PBXGroup;
			children = (
				0364204014EF2000352A9D3C /* Pods_FCM_example.framework */,
			);
			name = Frameworks;
			sourceTree = "<group>";
		};
/* End PBXGroup section */

/* Begin PBXNativeTarget section */
		5CF113A02717E4600063B7BF /* FCM-example */ = {
			isa = PBXNativeTarget;
			buildConfigurationList = 5CF113B52717E4620063B7BF /* Build configuration list for PBXNativeTarget "FCM-example" */;
			buildPhases = (
				773B11E66DEF927F39B8E8A0 /* [CP] Check Pods Manifest.lock */,
				5CF1139D2717E4600063B7BF /* Sources */,
				5CF1139E2717E4600063B7BF /* Frameworks */,
				5CF1139F2717E4600063B7BF /* Resources */,
				C57C8031CCD039F903E1660B /* [CP] Embed Pods Frameworks */,
			);
			buildRules = (
			);
			dependencies = (
			);
			name = "FCM-example";
			productName = "FCM-example";
			productReference = 5CF113A12717E4600063B7BF /* FCM-example.app */;
			productType = "com.apple.product-type.application";
		};
/* End PBXNativeTarget section */

/* Begin PBXProject section */
		5CF113992717E4600063B7BF /* Project object */ = {
			isa = PBXProject;
			attributes = {
				BuildIndependentTargetsInParallel = 1;
				LastSwiftUpdateCheck = 1300;
				LastUpgradeCheck = 1300;
				TargetAttributes = {
					5CF113A02717E4600063B7BF = {
						CreatedOnToolsVersion = 13.0;
					};
				};
			};
			buildConfigurationList = 5CF1139C2717E4600063B7BF /* Build configuration list for PBXProject "FCM-example" */;
			compatibilityVersion = "Xcode 13.0";
			developmentRegion = en;
			hasScannedForEncodings = 0;
			knownRegions = (
				en,
				Base,
			);
			mainGroup = 5CF113982717E4600063B7BF;
			productRefGroup = 5CF113A22717E4600063B7BF /* Products */;
			projectDirPath = "";
			projectRoot = "";
			targets = (
				5CF113A02717E4600063B7BF /* FCM-example */,
			);
		};
/* End PBXProject section */

/* Begin PBXResourcesBuildPhase section */
		5CF1139F2717E4600063B7BF /* Resources */ = {
			isa = PBXResourcesBuildPhase;
			buildActionMask = 2147483647;
			files = (
				5CF113B12717E4620063B7BF /* LaunchScreen.storyboard in Resources */,
				5CF113BA2717EA200063B7BF /* GoogleService-Info.plist in Resources */,
				5CF113AE2717E4620063B7BF /* Assets.xcassets in Resources */,
				5CF113AC2717E4600063B7BF /* Main.storyboard in Resources */,
			);
			runOnlyForDeploymentPostprocessing = 0;
		};
/* End PBXResourcesBuildPhase section */

/* Begin PBXShellScriptBuildPhase section */
		773B11E66DEF927F39B8E8A0 /* [CP] Check Pods Manifest.lock */ = {
			isa = PBXShellScriptBuildPhase;
			buildActionMask = 2147483647;
			files = (
			);
			inputFileListPaths = (
			);
			inputPaths = (
				"${PODS_PODFILE_DIR_PATH}/Podfile.lock",
				"${PODS_ROOT}/Manifest.lock",
			);
			name = "[CP] Check Pods Manifest.lock";
			outputFileListPaths = (
			);
			outputPaths = (
				"$(DERIVED_FILE_DIR)/Pods-FCM-example-checkManifestLockResult.txt",
			);
			runOnlyForDeploymentPostprocessing = 0;
			shellPath = /bin/sh;
			shellScript = "diff \"${PODS_PODFILE_DIR_PATH}/Podfile.lock\" \"${PODS_ROOT}/Manifest.lock\" > /dev/null\nif [ $? != 0 ] ; then\n    # print error to STDERR\n    echo \"error: The sandbox is not in sync with the Podfile.lock. Run 'pod install' or update your CocoaPods installation.\" >&2\n    exit 1\nfi\n# This output is used by Xcode 'outputs' to avoid re-running this script phase.\necho \"SUCCESS\" > \"${SCRIPT_OUTPUT_FILE_0}\"\n";
			showEnvVarsInLog = 0;
		};
		C57C8031CCD039F903E1660B /* [CP] Embed Pods Frameworks */ = {
			isa = PBXShellScriptBuildPhase;
			buildActionMask = 2147483647;
			files = (
			);
			inputFileListPaths = (
				"${PODS_ROOT}/Target Support Files/Pods-FCM-example/Pods-FCM-example-frameworks-${CONFIGURATION}-input-files.xcfilelist",
			);
			name = "[CP] Embed Pods Frameworks";
			outputFileListPaths = (
				"${PODS_ROOT}/Target Support Files/Pods-FCM-example/Pods-FCM-example-frameworks-${CONFIGURATION}-output-files.xcfilelist",
			);
			runOnlyForDeploymentPostprocessing = 0;
			shellPath = /bin/sh;
			shellScript = "\"${PODS_ROOT}/Target Support Files/Pods-FCM-example/Pods-FCM-example-frameworks.sh\"\n";
			showEnvVarsInLog = 0;
		};
/* End PBXShellScriptBuildPhase section */

/* Begin PBXSourcesBuildPhase section */
		5CF1139D2717E4600063B7BF /* Sources */ = {
			isa = PBXSourcesBuildPhase;
			buildActionMask = 2147483647;
			files = (
				5CF113A92717E4600063B7BF /* ViewController.swift in Sources */,
				5CF113A52717E4600063B7BF /* AppDelegate.swift in Sources */,
				5CF113A72717E4600063B7BF /* SceneDelegate.swift in Sources */,
			);
			runOnlyForDeploymentPostprocessing = 0;
		};
/* End PBXSourcesBuildPhase section */

/* Begin PBXVariantGroup section */
		5CF113AA2717E4600063B7BF /* Main.storyboard */ = {
			isa = PBXVariantGroup;
			children = (
				5CF113AB2717E4600063B7BF /* Base */,
			);
			name = Main.storyboard;
			sourceTree = "<group>";
		};
		5CF113AF2717E4620063B7BF /* LaunchScreen.storyboard */ = {
			isa = PBXVariantGroup;
			children = (
				5CF113B02717E4620063B7BF /* Base */,
			);
			name = LaunchScreen.storyboard;
			sourceTree = "<group>";
		};
/* End PBXVariantGroup section */

/* Begin XCBuildConfiguration section */
		5CF113B32717E4620063B7BF /* Debug */ = {
			isa = XCBuildConfiguration;
			buildSettings = {
				ALWAYS_SEARCH_USER_PATHS = NO;
				CLANG_ANALYZER_NONNULL = YES;
				CLANG_ANALYZER_NUMBER_OBJECT_CONVERSION = YES_AGGRESSIVE;
				CLANG_CXX_LANGUAGE_STANDARD = "gnu++17";
				CLANG_CXX_LIBRARY = "libc++";
				CLANG_ENABLE_MODULES = YES;
				CLANG_ENABLE_OBJC_ARC = YES;
				CLANG_ENABLE_OBJC_WEAK = YES;
				CLANG_WARN_BLOCK_CAPTURE_AUTORELEASING = YES;
				CLANG_WARN_BOOL_CONVERSION = YES;
				CLANG_WARN_COMMA = YES;
				CLANG_WARN_CONSTANT_CONVERSION = YES;
				CLANG_WARN_DEPRECATED_OBJC_IMPLEMENTATIONS = YES;
				CLANG_WARN_DIRECT_OBJC_ISA_USAGE = YES_ERROR;
				CLANG_WARN_DOCUMENTATION_COMMENTS = YES;
				CLANG_WARN_EMPTY_BODY = YES;
				CLANG_WARN_ENUM_CONVERSION = YES;
				CLANG_WARN_INFINITE_RECURSION = YES;
				CLANG_WARN_INT_CONVERSION = YES;
				CLANG_WARN_NON_LITERAL_NULL_CONVERSION = YES;
				CLANG_WARN_OBJC_IMPLICIT_RETAIN_SELF = YES;
				CLANG_WARN_OBJC_LITERAL_CONVERSION = YES;
				CLANG_WARN_OBJC_ROOT_CLASS = YES_ERROR;
				CLANG_WARN_QUOTED_INCLUDE_IN_FRAMEWORK_HEADER = YES;
				CLANG_WARN_RANGE_LOOP_ANALYSIS = YES;
				CLANG_WARN_STRICT_PROTOTYPES = YES;
				CLANG_WARN_SUSPICIOUS_MOVE = YES;
				CLANG_WARN_UNGUARDED_AVAILABILITY = YES_AGGRESSIVE;
				CLANG_WARN_UNREACHABLE_CODE = YES;
				CLANG_WARN__DUPLICATE_METHOD_MATCH = YES;
				COPY_PHASE_STRIP = NO;
				DEBUG_INFORMATION_FORMAT = dwarf;
				ENABLE_STRICT_OBJC_MSGSEND = YES;
				ENABLE_TESTABILITY = YES;
				GCC_C_LANGUAGE_STANDARD = gnu11;
				GCC_DYNAMIC_NO_PIC = NO;
				GCC_NO_COMMON_BLOCKS = YES;
				GCC_OPTIMIZATION_LEVEL = 0;
				GCC_PREPROCESSOR_DEFINITIONS = (
					"DEBUG=1",
					"$(inherited)",
				);
				GCC_WARN_64_TO_32_BIT_CONVERSION = YES;
				GCC_WARN_ABOUT_RETURN_TYPE = YES_ERROR;
				GCC_WARN_UNDECLARED_SELECTOR = YES;
				GCC_WARN_UNINITIALIZED_AUTOS = YES_AGGRESSIVE;
				GCC_WARN_UNUSED_FUNCTION = YES;
				GCC_WARN_UNUSED_VARIABLE = YES;
				IPHONEOS_DEPLOYMENT_TARGET = 15.0;
				MTL_ENABLE_DEBUG_INFO = INCLUDE_SOURCE;
				MTL_FAST_MATH = YES;
				ONLY_ACTIVE_ARCH = YES;
				SDKROOT = iphoneos;
				SWIFT_ACTIVE_COMPILATION_CONDITIONS = DEBUG;
				SWIFT_OPTIMIZATION_LEVEL = "-Onone";
			};
			name = Debug;
		};
		5CF113B42717E4620063B7BF /* Release */ = {
			isa = XCBuildConfiguration;
			buildSettings = {
				ALWAYS_SEARCH_USER_PATHS = NO;
				CLANG_ANALYZER_NONNULL = YES;
				CLANG_ANALYZER_NUMBER_OBJECT_CONVERSION = YES_AGGRESSIVE;
				CLANG_CXX_LANGUAGE_STANDARD = "gnu++17";
				CLANG_CXX_LIBRARY = "libc++";
				CLANG_ENABLE_MODULES = YES;
				CLANG_ENABLE_OBJC_ARC = YES;
				CLANG_ENABLE_OBJC_WEAK = YES;
				CLANG_WARN_BLOCK_CAPTURE_AUTORELEASING = YES;
				CLANG_WARN_BOOL_CONVERSION = YES;
				CLANG_WARN_COMMA = YES;
				CLANG_WARN_CONSTANT_CONVERSION = YES;
				CLANG_WARN_DEPRECATED_OBJC_IMPLEMENTATIONS = YES;
				CLANG_WARN_DIRECT_OBJC_ISA_USAGE = YES_ERROR;
				CLANG_WARN_DOCUMENTATION_COMMENTS = YES;
				CLANG_WARN_EMPTY_BODY = YES;
				CLANG_WARN_ENUM_CONVERSION = YES;
				CLANG_WARN_INFINITE_RECURSION = YES;
				CLANG_WARN_INT_CONVERSION = YES;
				CLANG_WARN_NON_LITERAL_NULL_CONVERSION = YES;
				CLANG_WARN_OBJC_IMPLICIT_RETAIN_SELF = YES;
				CLANG_WARN_OBJC_LITERAL_CONVERSION = YES;
				CLANG_WARN_OBJC_ROOT_CLASS = YES_ERROR;
				CLANG_WARN_QUOTED_INCLUDE_IN_FRAMEWORK_HEADER = YES;
				CLANG_WARN_RANGE_LOOP_ANALYSIS = YES;
				CLANG_WARN_STRICT_PROTOTYPES = YES;
				CLANG_WARN_SUSPICIOUS_MOVE = YES;
				CLANG_WARN_UNGUARDED_AVAILABILITY = YES_AGGRESSIVE;
				CLANG_WARN_UNREACHABLE_CODE = YES;
				CLANG_WARN__DUPLICATE_METHOD_MATCH = YES;
				COPY_PHASE_STRIP = NO;
				DEBUG_INFORMATION_FORMAT = "dwarf-with-dsym";
				ENABLE_NS_ASSERTIONS = NO;
				ENABLE_STRICT_OBJC_MSGSEND = YES;
				GCC_C_LANGUAGE_STANDARD = gnu11;
				GCC_NO_COMMON_BLOCKS = YES;
				GCC_WARN_64_TO_32_BIT_CONVERSION = YES;
				GCC_WARN_ABOUT_RETURN_TYPE = YES_ERROR;
				GCC_WARN_UNDECLARED_SELECTOR = YES;
				GCC_WARN_UNINITIALIZED_AUTOS = YES_AGGRESSIVE;
				GCC_WARN_UNUSED_FUNCTION = YES;
				GCC_WARN_UNUSED_VARIABLE = YES;
				IPHONEOS_DEPLOYMENT_TARGET = 15.0;
				MTL_ENABLE_DEBUG_INFO = NO;
				MTL_FAST_MATH = YES;
				SDKROOT = iphoneos;
				SWIFT_COMPILATION_MODE = wholemodule;
				SWIFT_OPTIMIZATION_LEVEL = "-O";
				VALIDATE_PRODUCT = YES;
			};
			name = Release;
		};
		5CF113B62717E4620063B7BF /* Debug */ = {
			isa = XCBuildConfiguration;
			baseConfigurationReference = F09720E90E3E8B3B745C0BDD /* Pods-FCM-example.debug.xcconfig */;
			buildSettings = {
				ASSETCATALOG_COMPILER_APPICON_NAME = AppIcon;
				ASSETCATALOG_COMPILER_GLOBAL_ACCENT_COLOR_NAME = AccentColor;
				CODE_SIGN_ENTITLEMENTS = "FCM-example/FCM-example.entitlements";
				CODE_SIGN_STYLE = Automatic;
				CURRENT_PROJECT_VERSION = 1;
				DEVELOPMENT_TEAM = Z79SJ22JQT;
				GENERATE_INFOPLIST_FILE = YES;
				INFOPLIST_FILE = "FCM-example/Info.plist";
				INFOPLIST_KEY_UIApplicationSupportsIndirectInputEvents = YES;
				INFOPLIST_KEY_UILaunchStoryboardName = LaunchScreen;
				INFOPLIST_KEY_UIMainStoryboardFile = Main;
				INFOPLIST_KEY_UISupportedInterfaceOrientations_iPad = "UIInterfaceOrientationPortrait UIInterfaceOrientationPortraitUpsideDown UIInterfaceOrientationLandscapeLeft UIInterfaceOrientationLandscapeRight";
				INFOPLIST_KEY_UISupportedInterfaceOrientations_iPhone = "UIInterfaceOrientationPortrait UIInterfaceOrientationLandscapeLeft UIInterfaceOrientationLandscapeRight";
				LD_RUNPATH_SEARCH_PATHS = (
					"$(inherited)",
					"@executable_path/Frameworks",
				);
				MARKETING_VERSION = 1.0;
				PRODUCT_BUNDLE_IDENTIFIER = "com.goeat.FCM-example";
				PRODUCT_NAME = "$(TARGET_NAME)";
				SWIFT_EMIT_LOC_STRINGS = YES;
				SWIFT_VERSION = 5.0;
				TARGETED_DEVICE_FAMILY = "1,2";
			};
			name = Debug;
		};
		5CF113B72717E4620063B7BF /* Release */ = {
			isa = XCBuildConfiguration;
			baseConfigurationReference = CC1CCB69C3B82AFC81A79C0F /* Pods-FCM-example.release.xcconfig */;
			buildSettings = {
				ASSETCATALOG_COMPILER_APPICON_NAME = AppIcon;
				ASSETCATALOG_COMPILER_GLOBAL_ACCENT_COLOR_NAME = AccentColor;
				CODE_SIGN_ENTITLEMENTS = "FCM-example/FCM-example.entitlements";
				CODE_SIGN_STYLE = Automatic;
				CURRENT_PROJECT_VERSION = 1;
				DEVELOPMENT_TEAM = Z79SJ22JQT;
				GENERATE_INFOPLIST_FILE = YES;
				INFOPLIST_FILE = "FCM-example/Info.plist";
				INFOPLIST_KEY_UIApplicationSupportsIndirectInputEvents = YES;
				INFOPLIST_KEY_UILaunchStoryboardName = LaunchScreen;
				INFOPLIST_KEY_UIMainStoryboardFile = Main;
				INFOPLIST_KEY_UISupportedInterfaceOrientations_iPad = "UIInterfaceOrientationPortrait UIInterfaceOrientationPortraitUpsideDown UIInterfaceOrientationLandscapeLeft UIInterfaceOrientationLandscapeRight";
				INFOPLIST_KEY_UISupportedInterfaceOrientations_iPhone = "UIInterfaceOrientationPortrait UIInterfaceOrientationLandscapeLeft UIInterfaceOrientationLandscapeRight";
				LD_RUNPATH_SEARCH_PATHS = (
					"$(inherited)",
					"@executable_path/Frameworks",
				);
				MARKETING_VERSION = 1.0;
				PRODUCT_BUNDLE_IDENTIFIER = "com.goeat.FCM-example";
				PRODUCT_NAME = "$(TARGET_NAME)";
				SWIFT_EMIT_LOC_STRINGS = YES;
				SWIFT_VERSION = 5.0;
				TARGETED_DEVICE_FAMILY = "1,2";
			};
			name = Release;
		};
/* End XCBuildConfiguration section */

/* Begin XCConfigurationList section */
		5CF1139C2717E4600063B7BF /* Build configuration list for PBXProject "FCM-example" */ = {
			isa = XCConfigurationList;
			buildConfigurations = (
				5CF113B32717E4620063B7BF /* Debug */,
				5CF113B42717E4620063B7BF /* Release */,
			);
			defaultConfigurationIsVisible = 0;
			defaultConfigurationName = Release;
		};
		5CF113B52717E4620063B7BF /* Build configuration list for PBXNativeTarget "FCM-example" */ = {
			isa = XCConfigurationList;
			buildConfigurations = (
				5CF113B62717E4620063B7BF /* Debug */,
				5CF113B72717E4620063B7BF /* Release */,
			);
			defaultConfigurationIsVisible = 0;
			defaultConfigurationName = Release;
		};
/* End XCConfigurationList section */
	};
	rootObject = 5CF113992717E4600063B7BF /* Project object */;
}
